
Microsoft Visual Studio Solution File, Format Version 12.00
# Visual Studio Version 16
VisualStudioVersion = 16.0.28803.156
MinimumVisualStudioVersion = 10.0.40219.1
Project("{2150E333-8FDC-42A3-9474-1A3956D46DE8}") = "Samples", "Samples", "{13B57B76-7464-4FB0-8EC5-04B65C1B74ED}"
EndProject
Project("{9A19103F-16F7-4668-BE54-9A1E7A4F7556}") = "FunCoding.CoreMessenger", "FunCoding.CoreMessenger\FunCoding.CoreMessenger.csproj", "{12D0223C-15D3-4E4C-939F-7516C3BFA309}"
EndProject
Project("{FAE04EC0-301F-11D3-BF4B-00C04F79EFBC}") = "FunCoding.CoreMessenger.Samples.UwpApp", "Samples\FunCoding.CoreMessenger.Samples.UwpApp\FunCoding.CoreMessenger.Samples.UwpApp.csproj", "{46FB6B71-F1FD-48E3-A984-6C8591E5662E}"
EndProject
Global
	GlobalSection(SolutionConfigurationPlatforms) = preSolution
		Debug|Any CPU = Debug|Any CPU
		Debug|ARM = Debug|ARM
		Debug|ARM64 = Debug|ARM64
		Debug|x64 = Debug|x64
		Debug|x86 = Debug|x86
		Release|Any CPU = Release|Any CPU
		Release|ARM = Release|ARM
		Release|ARM64 = Release|ARM64
		Release|x64 = Release|x64
		Release|x86 = Release|x86
	EndGlobalSection
	GlobalSection(ProjectConfigurationPlatforms) = postSolution
		{12D0223C-15D3-4E4C-939F-7516C3BFA309}.Debug|Any CPU.ActiveCfg = Debug|Any CPU
		{12D0223C-15D3-4E4C-939F-7516C3BFA309}.Debug|Any CPU.Build.0 = Debug|Any CPU
		{12D0223C-15D3-4E4C-939F-7516C3BFA309}.Debug|ARM.ActiveCfg = Debug|Any CPU
		{12D0223C-15D3-4E4C-939F-7516C3BFA309}.Debug|ARM.Build.0 = Debug|Any CPU
		{12D0223C-15D3-4E4C-939F-7516C3BFA309}.Debug|ARM64.ActiveCfg = Debug|Any CPU
		{12D0223C-15D3-4E4C-939F-7516C3BFA309}.Debug|ARM64.Build.0 = Debug|Any CPU
		{12D0223C-15D3-4E4C-939F-7516C3BFA309}.Debug|x64.ActiveCfg = Debug|Any CPU
		{12D0223C-15D3-4E4C-939F-7516C3BFA309}.Debug|x64.Build.0 = Debug|Any CPU
		{12D0223C-15D3-4E4C-939F-7516C3BFA309}.Debug|x86.ActiveCfg = Debug|Any CPU
		{12D0223C-15D3-4E4C-939F-7516C3BFA309}.Debug|x86.Build.0 = Debug|Any CPU
		{12D0223C-15D3-4E4C-939F-7516C3BFA309}.Release|Any CPU.ActiveCfg = Release|Any CPU
		{12D0223C-15D3-4E4C-939F-7516C3BFA309}.Release|Any CPU.Build.0 = Release|Any CPU
		{12D0223C-15D3-4E4C-939F-7516C3BFA309}.Release|ARM.ActiveCfg = Release|Any CPU
		{12D0223C-15D3-4E4C-939F-7516C3BFA309}.Release|ARM.Build.0 = Release|Any CPU
		{12D0223C-15D3-4E4C-939F-7516C3BFA309}.Release|ARM64.ActiveCfg = Release|Any CPU
		{12D0223C-15D3-4E4C-939F-7516C3BFA309}.Release|ARM64.Build.0 = Release|Any CPU
		{12D0223C-15D3-4E4C-939F-7516C3BFA309}.Release|x64.ActiveCfg = Release|Any CPU
		{12D0223C-15D3-4E4C-939F-7516C3BFA309}.Release|x64.Build.0 = Release|Any CPU
		{12D0223C-15D3-4E4C-939F-7516C3BFA309}.Release|x86.ActiveCfg = Release|Any CPU
		{12D0223C-15D3-4E4C-939F-7516C3BFA309}.Release|x86.Build.0 = Release|Any CPU
		{46FB6B71-F1FD-48E3-A984-6C8591E5662E}.Debug|Any CPU.ActiveCfg = Debug|x86
		{46FB6B71-F1FD-48E3-A984-6C8591E5662E}.Debug|ARM.ActiveCfg = Debug|ARM
		{46FB6B71-F1FD-48E3-A984-6C8591E5662E}.Debug|ARM.Build.0 = Debug|ARM
		{46FB6B71-F1FD-48E3-A984-6C8591E5662E}.Debug|ARM.Deploy.0 = Debug|ARM
		{46FB6B71-F1FD-48E3-A984-6C8591E5662E}.Debug|ARM64.ActiveCfg = Debug|ARM64
		{46FB6B71-F1FD-48E3-A984-6C8591E5662E}.Debug|ARM64.Build.0 = Debug|ARM64
		{46FB6B71-F1FD-48E3-A984-6C8591E5662E}.Debug|ARM64.Deploy.0 = Debug|ARM64
		{46FB6B71-F1FD-48E3-A984-6C8591E5662E}.Debug|x64.ActiveCfg = Debug|x64
		{46FB6B71-F1FD-48E3-A984-6C8591E5662E}.Debug|x64.Build.0 = Debug|x64
		{46FB6B71-F1FD-48E3-A984-6C8591E5662E}.Debug|x64.Deploy.0 = Debug|x64
		{46FB6B71-F1FD-48E3-A984-6C8591E5662E}.Debug|x86.ActiveCfg = Debug|x86
		{46FB6B71-F1FD-48E3-A984-6C8591E5662E}.Debug|x86.Build.0 = Debug|x86
		{46FB6B71-F1FD-48E3-A984-6C8591E5662E}.Debug|x86.Deploy.0 = Debug|x86
		{46FB6B71-F1FD-48E3-A984-6C8591E5662E}.Release|Any CPU.ActiveCfg = Release|x86
		{46FB6B71-F1FD-48E3-A984-6C8591E5662E}.Release|ARM.ActiveCfg = Release|ARM
		{46FB6B71-F1FD-48E3-A984-6C8591E5662E}.Release|ARM.Build.0 = Release|ARM
		{46FB6B71-F1FD-48E3-A984-6C8591E5662E}.Release|ARM.Deploy.0 = Release|ARM
		{46FB6B71-F1FD-48E3-A984-6C8591E5662E}.Release|ARM64.ActiveCfg = Release|ARM64
		{46FB6B71-F1FD-48E3-A984-6C8591E5662E}.Release|ARM64.Build.0 = Release|ARM64
		{46FB6B71-F1FD-48E3-A984-6C8591E5662E}.Release|ARM64.Deploy.0 = Release|ARM64
		{46FB6B71-F1FD-48E3-A984-6C8591E5662E}.Release|x64.ActiveCfg = Release|x64
		{46FB6B71-F1FD-48E3-A984-6C8591E5662E}.Release|x64.Build.0 = Release|x64
		{46FB6B71-F1FD-48E3-A984-6C8591E5662E}.Release|x64.Deploy.0 = Release|x64
		{46FB6B71-F1FD-48E3-A984-6C8591E5662E}.Release|x86.ActiveCfg = Release|x86
		{46FB6B71-F1FD-48E3-A984-6C8591E5662E}.Release|x86.Build.0 = Release|x86
		{46FB6B71-F1FD-48E3-A984-6C8591E5662E}.Release|x86.Deploy.0 = Release|x86
	EndGlobalSection
	GlobalSection(SolutionProperties) = preSolution
		HideSolutionNode = FALSE
	EndGlobalSection
	GlobalSection(NestedProjects) = preSolution
		{46FB6B71-F1FD-48E3-A984-6C8591E5662E} = {13B57B76-7464-4FB0-8EC5-04B65C1B74ED}
	EndGlobalSection
	GlobalSection(ExtensibilityGlobals) = postSolution
		SolutionGuid = {FD28CAD0-6CF5-4651-9A10-DFC56D5D5E7F}
	EndGlobalSection
EndGlobal
